
Microsoft Visual Studio Solution File, Format Version 12.00
# Visual Studio Version 16
VisualStudioVersion = 16.0.29403.142
MinimumVisualStudioVersion = 10.0.40219.1
Project("{FAE04EC0-301F-11D3-BF4B-00C04F79EFBC}") = "ChessMaster", "ChessMaster\ChessMaster.csproj", "{7985C121-78C3-4E55-BC26-7CACB9FFBBFD}"
EndProject
Global
	GlobalSection(SolutionConfigurationPlatforms) = preSolution
		Debug|Any CPU = Debug|Any CPU
		Release|Any CPU = Release|Any CPU
	EndGlobalSection
	GlobalSection(ProjectConfigurationPlatforms) = postSolution
		{7985C121-78C3-4E55-BC26-7CACB9FFBBFD}.Debug|Any CPU.ActiveCfg = Debug|Any CPU
		{7985C121-78C3-4E55-BC26-7CACB9FFBBFD}.Debug|Any CPU.Build.0 = Debug|Any CPU
		{7985C121-78C3-4E55-BC26-7CACB9FFBBFD}.Release|Any CPU.ActiveCfg = Release|Any CPU
		{7985C121-78C3-4E55-BC26-7CACB9FFBBFD}.Release|Any CPU.Build.0 = Release|Any CPU
	EndGlobalSection
	GlobalSection(SolutionProperties) = preSolution
		HideSolutionNode = FALSE
	EndGlobalSection
	GlobalSection(ExtensibilityGlobals) = postSolution
		SolutionGuid = {F0C129F4-BB20-4FC8-A6E7-18DCB44715E4}
	EndGlobalSection
EndGlobal
